
Microsoft Visual Studio Solution File, Format Version 12.00
# Visual Studio Version 17
VisualStudioVersion = 17.14.36310.24 d17.14
MinimumVisualStudioVersion = 10.0.40219.1
Project("{FAE04EC0-301F-11D3-BF4B-00C04F79EFBC}") = "firstapp", "firstapp\firstapp.csproj", "{79B23077-241F-40B3-A27F-2E9C2E412BFD}"
EndProject
Global
	GlobalSection(SolutionConfigurationPlatforms) = preSolution
		Debug|Any CPU = Debug|Any CPU
		Release|Any CPU = Release|Any CPU
	EndGlobalSection
	GlobalSection(ProjectConfigurationPlatforms) = postSolution
		{79B23077-241F-40B3-A27F-2E9C2E412BFD}.Debug|Any CPU.ActiveCfg = Debug|Any CPU
		{79B23077-241F-40B3-A27F-2E9C2E412BFD}.Debug|Any CPU.Build.0 = Debug|Any CPU
		{79B23077-241F-40B3-A27F-2E9C2E412BFD}.Release|Any CPU.ActiveCfg = Release|Any CPU
		{79B23077-241F-40B3-A27F-2E9C2E412BFD}.Release|Any CPU.Build.0 = Release|Any CPU
	EndGlobalSection
	GlobalSection(SolutionProperties) = preSolution
		HideSolutionNode = FALSE
	EndGlobalSection
	GlobalSection(ExtensibilityGlobals) = postSolution
		SolutionGuid = {9BCBA6CC-B67F-48D1-9472-11D1722617BA}
	EndGlobalSection
EndGlobal
